
Microsoft Visual Studio Solution File, Format Version 12.00
# Visual Studio Version 16
VisualStudioVersion = 16.0.30114.105
MinimumVisualStudioVersion = 10.0.40219.1
Project("{FAE04EC0-301F-11D3-BF4B-00C04F79EFBC}") = "Persona.Consola", "Persona.Consola\Persona.Consola.csproj", "{EC2C9A77-FE72-48A2-9F86-EF1215A591D3}"
EndProject
Project("{FAE04EC0-301F-11D3-BF4B-00C04F79EFBC}") = "Persona.Biblioteca", "Persona.Biblioteca\Persona.Biblioteca.csproj", "{5D103C97-508E-4434-90E5-E956D2A717D2}"
EndProject
Global
	GlobalSection(SolutionConfigurationPlatforms) = preSolution
		Debug|Any CPU = Debug|Any CPU
		Release|Any CPU = Release|Any CPU
	EndGlobalSection
	GlobalSection(SolutionProperties) = preSolution
		HideSolutionNode = FALSE
	EndGlobalSection
	GlobalSection(ProjectConfigurationPlatforms) = postSolution
		{EC2C9A77-FE72-48A2-9F86-EF1215A591D3}.Debug|Any CPU.ActiveCfg = Debug|Any CPU
		{EC2C9A77-FE72-48A2-9F86-EF1215A591D3}.Debug|Any CPU.Build.0 = Debug|Any CPU
		{EC2C9A77-FE72-48A2-9F86-EF1215A591D3}.Release|Any CPU.ActiveCfg = Release|Any CPU
		{EC2C9A77-FE72-48A2-9F86-EF1215A591D3}.Release|Any CPU.Build.0 = Release|Any CPU
		{5D103C97-508E-4434-90E5-E956D2A717D2}.Debug|Any CPU.ActiveCfg = Debug|Any CPU
		{5D103C97-508E-4434-90E5-E956D2A717D2}.Debug|Any CPU.Build.0 = Debug|Any CPU
		{5D103C97-508E-4434-90E5-E956D2A717D2}.Release|Any CPU.ActiveCfg = Release|Any CPU
		{5D103C97-508E-4434-90E5-E956D2A717D2}.Release|Any CPU.Build.0 = Release|Any CPU
	EndGlobalSection
EndGlobal
